
Microsoft Visual Studio Solution File, Format Version 12.00
# Visual Studio Version 16
VisualStudioVersion = 16.0.30907.101
MinimumVisualStudioVersion = 10.0.40219.1
Project("{FAE04EC0-301F-11D3-BF4B-00C04F79EFBC}") = "MVCStudents", "MVCStudents.csproj", "{15A80961-3AD2-4E94-9A58-1C799040267D}"
EndProject
Global
	GlobalSection(SolutionConfigurationPlatforms) = preSolution
		Debug|Any CPU = Debug|Any CPU
		Release|Any CPU = Release|Any CPU
	EndGlobalSection
	GlobalSection(ProjectConfigurationPlatforms) = postSolution
		{15A80961-3AD2-4E94-9A58-1C799040267D}.Debug|Any CPU.ActiveCfg = Debug|Any CPU
		{15A80961-3AD2-4E94-9A58-1C799040267D}.Debug|Any CPU.Build.0 = Debug|Any CPU
		{15A80961-3AD2-4E94-9A58-1C799040267D}.Release|Any CPU.ActiveCfg = Release|Any CPU
		{15A80961-3AD2-4E94-9A58-1C799040267D}.Release|Any CPU.Build.0 = Release|Any CPU
	EndGlobalSection
	GlobalSection(SolutionProperties) = preSolution
		HideSolutionNode = FALSE
	EndGlobalSection
	GlobalSection(ExtensibilityGlobals) = postSolution
		SolutionGuid = {03D28D2A-E97B-4F28-8E0B-B927AE817CA6}
	EndGlobalSection
EndGlobal
