
Microsoft Visual Studio Solution File, Format Version 12.00
# Visual Studio Version 16
VisualStudioVersion = 16.0.30907.101
MinimumVisualStudioVersion = 10.0.40219.1
Project("{9A19103F-16F7-4668-BE54-9A1E7A4F7556}") = "Assignment3", "Assignment3.csproj", "{4E8C2F66-59F4-42F8-ABFD-E095FE36802D}"
EndProject
Global
	GlobalSection(SolutionConfigurationPlatforms) = preSolution
		Debug|Any CPU = Debug|Any CPU
		Release|Any CPU = Release|Any CPU
	EndGlobalSection
	GlobalSection(ProjectConfigurationPlatforms) = postSolution
		{4E8C2F66-59F4-42F8-ABFD-E095FE36802D}.Debug|Any CPU.ActiveCfg = Debug|Any CPU
		{4E8C2F66-59F4-42F8-ABFD-E095FE36802D}.Debug|Any CPU.Build.0 = Debug|Any CPU
		{4E8C2F66-59F4-42F8-ABFD-E095FE36802D}.Release|Any CPU.ActiveCfg = Release|Any CPU
		{4E8C2F66-59F4-42F8-ABFD-E095FE36802D}.Release|Any CPU.Build.0 = Release|Any CPU
	EndGlobalSection
	GlobalSection(SolutionProperties) = preSolution
		HideSolutionNode = FALSE
	EndGlobalSection
	GlobalSection(ExtensibilityGlobals) = postSolution
		SolutionGuid = {8E20E2BC-CA29-4E03-8CF2-3234F5CB89CE}
	EndGlobalSection
EndGlobal
