
Microsoft Visual Studio Solution File, Format Version 12.00
# Visual Studio Version 16
VisualStudioVersion = 16.0.30907.101
MinimumVisualStudioVersion = 10.0.40219.1
Project("{FAE04EC0-301F-11D3-BF4B-00C04F79EFBC}") = "Assignment5", "Assignment5.csproj", "{B77FEC2F-C9A3-45A8-B0EF-B1EF2128C524}"
EndProject
Global
	GlobalSection(SolutionConfigurationPlatforms) = preSolution
		Debug|Any CPU = Debug|Any CPU
		Release|Any CPU = Release|Any CPU
	EndGlobalSection
	GlobalSection(ProjectConfigurationPlatforms) = postSolution
		{B77FEC2F-C9A3-45A8-B0EF-B1EF2128C524}.Debug|Any CPU.ActiveCfg = Debug|Any CPU
		{B77FEC2F-C9A3-45A8-B0EF-B1EF2128C524}.Debug|Any CPU.Build.0 = Debug|Any CPU
		{B77FEC2F-C9A3-45A8-B0EF-B1EF2128C524}.Release|Any CPU.ActiveCfg = Release|Any CPU
		{B77FEC2F-C9A3-45A8-B0EF-B1EF2128C524}.Release|Any CPU.Build.0 = Release|Any CPU
	EndGlobalSection
	GlobalSection(SolutionProperties) = preSolution
		HideSolutionNode = FALSE
	EndGlobalSection
	GlobalSection(ExtensibilityGlobals) = postSolution
		SolutionGuid = {9AFBCFB2-B5FB-4F48-811B-3FB3D55E5819}
	EndGlobalSection
EndGlobal
