
Microsoft Visual Studio Solution File, Format Version 12.00
# Visual Studio Version 16
VisualStudioVersion = 16.0.30907.101
MinimumVisualStudioVersion = 10.0.40219.1
Project("{FAE04EC0-301F-11D3-BF4B-00C04F79EFBC}") = "MVCDinos", "MVCDinos.csproj", "{DAB13F53-7FF5-446F-BFA0-23E5C3D7B994}"
EndProject
Global
	GlobalSection(SolutionConfigurationPlatforms) = preSolution
		Debug|Any CPU = Debug|Any CPU
		Release|Any CPU = Release|Any CPU
	EndGlobalSection
	GlobalSection(ProjectConfigurationPlatforms) = postSolution
		{DAB13F53-7FF5-446F-BFA0-23E5C3D7B994}.Debug|Any CPU.ActiveCfg = Debug|Any CPU
		{DAB13F53-7FF5-446F-BFA0-23E5C3D7B994}.Debug|Any CPU.Build.0 = Debug|Any CPU
		{DAB13F53-7FF5-446F-BFA0-23E5C3D7B994}.Release|Any CPU.ActiveCfg = Release|Any CPU
		{DAB13F53-7FF5-446F-BFA0-23E5C3D7B994}.Release|Any CPU.Build.0 = Release|Any CPU
	EndGlobalSection
	GlobalSection(SolutionProperties) = preSolution
		HideSolutionNode = FALSE
	EndGlobalSection
	GlobalSection(ExtensibilityGlobals) = postSolution
		SolutionGuid = {584146E2-5079-45EE-9C49-C8A1511FB630}
	EndGlobalSection
EndGlobal
