
Microsoft Visual Studio Solution File, Format Version 12.00
# Visual Studio Version 16
VisualStudioVersion = 16.0.30907.101
MinimumVisualStudioVersion = 10.0.40219.1
Project("{FAE04EC0-301F-11D3-BF4B-00C04F79EFBC}") = "Lab6a", "Lab6a.csproj", "{B5104E86-6731-45C5-BB65-87F5F1D1C213}"
EndProject
Global
	GlobalSection(SolutionConfigurationPlatforms) = preSolution
		Debug|Any CPU = Debug|Any CPU
		Release|Any CPU = Release|Any CPU
	EndGlobalSection
	GlobalSection(ProjectConfigurationPlatforms) = postSolution
		{B5104E86-6731-45C5-BB65-87F5F1D1C213}.Debug|Any CPU.ActiveCfg = Debug|Any CPU
		{B5104E86-6731-45C5-BB65-87F5F1D1C213}.Debug|Any CPU.Build.0 = Debug|Any CPU
		{B5104E86-6731-45C5-BB65-87F5F1D1C213}.Release|Any CPU.ActiveCfg = Release|Any CPU
		{B5104E86-6731-45C5-BB65-87F5F1D1C213}.Release|Any CPU.Build.0 = Release|Any CPU
	EndGlobalSection
	GlobalSection(SolutionProperties) = preSolution
		HideSolutionNode = FALSE
	EndGlobalSection
	GlobalSection(ExtensibilityGlobals) = postSolution
		SolutionGuid = {9D9FBC22-27B6-4DC6-BA0B-144B340C7FF9}
	EndGlobalSection
EndGlobal
